// !$*UTF8*$!
{
	archiveVersion = 1;
	classes = {
	};
	objectVersion = 56;
	objects = {

/* Begin PBXBuildFile section */
		841A68132BC1EADD00BB0340 /* TeamDetailView.swift in Sources */ = {isa = PBXBuildFile; fileRef = 841A68122BC1EADD00BB0340 /* TeamDetailView.swift */; };
		841A68152BC1EB0400BB0340 /* PlayerStatsRowView.swift in Sources */ = {isa = PBXBuildFile; fileRef = 841A68142BC1EB0400BB0340 /* PlayerStatsRowView.swift */; };
		841A68172BC1ED0000BB0340 /* PlayerStatsDetailView.swift in Sources */ = {isa = PBXBuildFile; fileRef = 841A68162BC1ED0000BB0340 /* PlayerStatsDetailView.swift */; };
		841A681B2BC43C8400BB0340 /* MainMenuView.swift in Sources */ = {isa = PBXBuildFile; fileRef = 841A681A2BC43C8400BB0340 /* MainMenuView.swift */; };
		841A681F2BC44C5C00BB0340 /* WelcomePage.swift in Sources */ = {isa = PBXBuildFile; fileRef = 841A681E2BC44C5C00BB0340 /* WelcomePage.swift */; };
		841A68212BC4790800BB0340 /* FixturesView.swift in Sources */ = {isa = PBXBuildFile; fileRef = 841A68202BC4790800BB0340 /* FixturesView.swift */; };
		841A68292BC8D43900BB0340 /* FixturesRowView.swift in Sources */ = {isa = PBXBuildFile; fileRef = 841A68282BC8D43900BB0340 /* FixturesRowView.swift */; };
		841A682B2BC9F8A600BB0340 /* FixturesViewModel.swift in Sources */ = {isa = PBXBuildFile; fileRef = 841A682A2BC9F8A600BB0340 /* FixturesViewModel.swift */; };
		841AF4CD2BB09154002849A8 /* DatabaseAppApp.swift in Sources */ = {isa = PBXBuildFile; fileRef = 841AF4CC2BB09154002849A8 /* DatabaseAppApp.swift */; };
		841AF4D12BB09155002849A8 /* Assets.xcassets in Resources */ = {isa = PBXBuildFile; fileRef = 841AF4D02BB09155002849A8 /* Assets.xcassets */; };
		841AF4D42BB09155002849A8 /* Preview Assets.xcassets in Resources */ = {isa = PBXBuildFile; fileRef = 841AF4D32BB09155002849A8 /* Preview Assets.xcassets */; };
		841AF4DE2BB09156002849A8 /* DatabaseAppTests.swift in Sources */ = {isa = PBXBuildFile; fileRef = 841AF4DD2BB09156002849A8 /* DatabaseAppTests.swift */; };
		841AF4E82BB09156002849A8 /* DatabaseAppUITests.swift in Sources */ = {isa = PBXBuildFile; fileRef = 841AF4E72BB09156002849A8 /* DatabaseAppUITests.swift */; };
		841AF4EA2BB09156002849A8 /* DatabaseAppUITestsLaunchTests.swift in Sources */ = {isa = PBXBuildFile; fileRef = 841AF4E92BB09156002849A8 /* DatabaseAppUITestsLaunchTests.swift */; };
		841AF4FC2BB0B62C002849A8 /* Algorithms in Frameworks */ = {isa = PBXBuildFile; productRef = 841AF4FB2BB0B62C002849A8 /* Algorithms */; };
		841AF4FF2BB0B67A002849A8 /* Alamofire in Frameworks */ = {isa = PBXBuildFile; productRef = 841AF4FE2BB0B67A002849A8 /* Alamofire */; };
		841AF5012BB0B67A002849A8 /* AlamofireDynamic in Frameworks */ = {isa = PBXBuildFile; productRef = 841AF5002BB0B67A002849A8 /* AlamofireDynamic */; };
		841AF5032BB0CF2D002849A8 /* Player.swift in Sources */ = {isa = PBXBuildFile; fileRef = 841AF5022BB0CF2D002849A8 /* Player.swift */; };
		841AF5052BB0D028002849A8 /* PlayerViewModel.swift in Sources */ = {isa = PBXBuildFile; fileRef = 841AF5042BB0D028002849A8 /* PlayerViewModel.swift */; };
		841AF5082BB2385B002849A8 /* Team.swift in Sources */ = {isa = PBXBuildFile; fileRef = 841AF5072BB2385B002849A8 /* Team.swift */; };
		841AF50B2BB23950002849A8 /* TeamViewModel.swift in Sources */ = {isa = PBXBuildFile; fileRef = 841AF50A2BB23950002849A8 /* TeamViewModel.swift */; };
		841AF5252BBF258C002849A8 /* StandingsRowView.swift in Sources */ = {isa = PBXBuildFile; fileRef = 841AF5242BBF258C002849A8 /* StandingsRowView.swift */; };
		841AF5272BBF29FA002849A8 /* TeamStandingsView.swift in Sources */ = {isa = PBXBuildFile; fileRef = 841AF5262BBF29FA002849A8 /* TeamStandingsView.swift */; };
		842E7D612C9D05B8005F7723 /* Fixture.swift in Sources */ = {isa = PBXBuildFile; fileRef = 842E7D602C9D05B8005F7723 /* Fixture.swift */; };
		84FAEBA82BD1942C009945D9 /* FixtureDetailView.swift in Sources */ = {isa = PBXBuildFile; fileRef = 84FAEBA72BD1942C009945D9 /* FixtureDetailView.swift */; };
/* End PBXBuildFile section */

/* Begin PBXContainerItemProxy section */
		841AF4DA2BB09156002849A8 /* PBXContainerItemProxy */ = {
			isa = PBXContainerItemProxy;
			containerPortal = 841AF4C12BB09154002849A8 /* Project object */;
			proxyType = 1;
			remoteGlobalIDString = 841AF4C82BB09154002849A8;
			remoteInfo = DatabaseApp;
		};
		841AF4E42BB09156002849A8 /* PBXContainerItemProxy */ = {
			isa = PBXContainerItemProxy;
			containerPortal = 841AF4C12BB09154002849A8 /* Project object */;
			proxyType = 1;
			remoteGlobalIDString = 841AF4C82BB09154002849A8;
			remoteInfo = DatabaseApp;
		};
/* End PBXContainerItemProxy section */

/* Begin PBXFileReference section */
		841A68122BC1EADD00BB0340 /* TeamDetailView.swift */ = {isa = PBXFileReference; lastKnownFileType = sourcecode.swift; path = TeamDetailView.swift; sourceTree = "<group>"; };
		841A68142BC1EB0400BB0340 /* PlayerStatsRowView.swift */ = {isa = PBXFileReference; lastKnownFileType = sourcecode.swift; path = PlayerStatsRowView.swift; sourceTree = "<group>"; };
		841A68162BC1ED0000BB0340 /* PlayerStatsDetailView.swift */ = {isa = PBXFileReference; lastKnownFileType = sourcecode.swift; path = PlayerStatsDetailView.swift; sourceTree = "<group>"; };
		841A681A2BC43C8400BB0340 /* MainMenuView.swift */ = {isa = PBXFileReference; lastKnownFileType = sourcecode.swift; path = MainMenuView.swift; sourceTree = "<group>"; };
		841A681E2BC44C5C00BB0340 /* WelcomePage.swift */ = {isa = PBXFileReference; lastKnownFileType = sourcecode.swift; path = WelcomePage.swift; sourceTree = "<group>"; };
		841A68202BC4790800BB0340 /* FixturesView.swift */ = {isa = PBXFileReference; lastKnownFileType = sourcecode.swift; path = FixturesView.swift; sourceTree = "<group>"; };
		841A68282BC8D43900BB0340 /* FixturesRowView.swift */ = {isa = PBXFileReference; lastKnownFileType = sourcecode.swift; path = FixturesRowView.swift; sourceTree = "<group>"; };
		841A682A2BC9F8A600BB0340 /* FixturesViewModel.swift */ = {isa = PBXFileReference; lastKnownFileType = sourcecode.swift; path = FixturesViewModel.swift; sourceTree = "<group>"; };
		841AF4C92BB09154002849A8 /* DatabaseApp.app */ = {isa = PBXFileReference; explicitFileType = wrapper.application; includeInIndex = 0; path = DatabaseApp.app; sourceTree = BUILT_PRODUCTS_DIR; };
		841AF4CC2BB09154002849A8 /* DatabaseAppApp.swift */ = {isa = PBXFileReference; lastKnownFileType = sourcecode.swift; path = DatabaseAppApp.swift; sourceTree = "<group>"; };
		841AF4D02BB09155002849A8 /* Assets.xcassets */ = {isa = PBXFileReference; lastKnownFileType = folder.assetcatalog; path = Assets.xcassets; sourceTree = "<group>"; };
		841AF4D32BB09155002849A8 /* Preview Assets.xcassets */ = {isa = PBXFileReference; lastKnownFileType = folder.assetcatalog; path = "Preview Assets.xcassets"; sourceTree = "<group>"; };
		841AF4D92BB09156002849A8 /* DatabaseAppTests.xctest */ = {isa = PBXFileReference; explicitFileType = wrapper.cfbundle; includeInIndex = 0; path = DatabaseAppTests.xctest; sourceTree = BUILT_PRODUCTS_DIR; };
		841AF4DD2BB09156002849A8 /* DatabaseAppTests.swift */ = {isa = PBXFileReference; lastKnownFileType = sourcecode.swift; path = DatabaseAppTests.swift; sourceTree = "<group>"; };
		841AF4E32BB09156002849A8 /* DatabaseAppUITests.xctest */ = {isa = PBXFileReference; explicitFileType = wrapper.cfbundle; includeInIndex = 0; path = DatabaseAppUITests.xctest; sourceTree = BUILT_PRODUCTS_DIR; };
		841AF4E72BB09156002849A8 /* DatabaseAppUITests.swift */ = {isa = PBXFileReference; lastKnownFileType = sourcecode.swift; path = DatabaseAppUITests.swift; sourceTree = "<group>"; };
		841AF4E92BB09156002849A8 /* DatabaseAppUITestsLaunchTests.swift */ = {isa = PBXFileReference; lastKnownFileType = sourcecode.swift; path = DatabaseAppUITestsLaunchTests.swift; sourceTree = "<group>"; };
		841AF5022BB0CF2D002849A8 /* Player.swift */ = {isa = PBXFileReference; lastKnownFileType = sourcecode.swift; path = Player.swift; sourceTree = "<group>"; };
		841AF5042BB0D028002849A8 /* PlayerViewModel.swift */ = {isa = PBXFileReference; lastKnownFileType = sourcecode.swift; path = PlayerViewModel.swift; sourceTree = "<group>"; };
		841AF5072BB2385B002849A8 /* Team.swift */ = {isa = PBXFileReference; lastKnownFileType = sourcecode.swift; path = Team.swift; sourceTree = "<group>"; };
		841AF50A2BB23950002849A8 /* TeamViewModel.swift */ = {isa = PBXFileReference; lastKnownFileType = sourcecode.swift; path = TeamViewModel.swift; sourceTree = "<group>"; };
		841AF5242BBF258C002849A8 /* StandingsRowView.swift */ = {isa = PBXFileReference; lastKnownFileType = sourcecode.swift; path = StandingsRowView.swift; sourceTree = "<group>"; };
		841AF5262BBF29FA002849A8 /* TeamStandingsView.swift */ = {isa = PBXFileReference; lastKnownFileType = sourcecode.swift; path = TeamStandingsView.swift; sourceTree = "<group>"; };
		842E7D602C9D05B8005F7723 /* Fixture.swift */ = {isa = PBXFileReference; lastKnownFileType = sourcecode.swift; path = Fixture.swift; sourceTree = "<group>"; };
		84FAEBA72BD1942C009945D9 /* FixtureDetailView.swift */ = {isa = PBXFileReference; lastKnownFileType = sourcecode.swift; path = FixtureDetailView.swift; sourceTree = "<group>"; };
/* End PBXFileReference section */

/* Begin PBXFrameworksBuildPhase section */
		841AF4C62BB09154002849A8 /* Frameworks */ = {
			isa = PBXFrameworksBuildPhase;
			buildActionMask = 2147483647;
			files = (
				841AF4FC2BB0B62C002849A8 /* Algorithms in Frameworks */,
				841AF5012BB0B67A002849A8 /* AlamofireDynamic in Frameworks */,
				841AF4FF2BB0B67A002849A8 /* Alamofire in Frameworks */,
			);
			runOnlyForDeploymentPostprocessing = 0;
		};
		841AF4D62BB09156002849A8 /* Frameworks */ = {
			isa = PBXFrameworksBuildPhase;
			buildActionMask = 2147483647;
			files = (
			);
			runOnlyForDeploymentPostprocessing = 0;
		};
		841AF4E02BB09156002849A8 /* Frameworks */ = {
			isa = PBXFrameworksBuildPhase;
			buildActionMask = 2147483647;
			files = (
			);
			runOnlyForDeploymentPostprocessing = 0;
		};
/* End PBXFrameworksBuildPhase section */

/* Begin PBXGroup section */
		841A68112BC1EABE00BB0340 /* DetailViews */ = {
			isa = PBXGroup;
			children = (
				841A68122BC1EADD00BB0340 /* TeamDetailView.swift */,
				841A68162BC1ED0000BB0340 /* PlayerStatsDetailView.swift */,
				84FAEBA72BD1942C009945D9 /* FixtureDetailView.swift */,
			);
			path = DetailViews;
			sourceTree = "<group>";
		};
		841A68182BC3216000BB0340 /* Resources */ = {
			isa = PBXGroup;
			children = (
			);
			path = Resources;
			sourceTree = "<group>";
		};
		841A68192BC4390E00BB0340 /* MenuViews */ = {
			isa = PBXGroup;
			children = (
				841A681A2BC43C8400BB0340 /* MainMenuView.swift */,
			);
			path = MenuViews;
			sourceTree = "<group>";
		};
		841AF4C02BB09154002849A8 = {
			isa = PBXGroup;
			children = (
				841AF4CB2BB09154002849A8 /* DatabaseApp */,
				841AF4DC2BB09156002849A8 /* DatabaseAppTests */,
				841AF4E62BB09156002849A8 /* DatabaseAppUITests */,
				841AF4CA2BB09154002849A8 /* Products */,
			);
			sourceTree = "<group>";
		};
		841AF4CA2BB09154002849A8 /* Products */ = {
			isa = PBXGroup;
			children = (
				841AF4C92BB09154002849A8 /* DatabaseApp.app */,
				841AF4D92BB09156002849A8 /* DatabaseAppTests.xctest */,
				841AF4E32BB09156002849A8 /* DatabaseAppUITests.xctest */,
			);
			name = Products;
			sourceTree = "<group>";
		};
		841AF4CB2BB09154002849A8 /* DatabaseApp */ = {
			isa = PBXGroup;
			children = (
				841A68192BC4390E00BB0340 /* MenuViews */,
				841A68182BC3216000BB0340 /* Resources */,
				841A68112BC1EABE00BB0340 /* DetailViews */,
				841AF5132BB27F64002849A8 /* TabViews */,
				841AF5102BB24249002849A8 /* HelperViews */,
				841AF5092BB23934002849A8 /* ViewModels */,
				841AF5062BB2383F002849A8 /* Models */,
				841AF4CC2BB09154002849A8 /* DatabaseAppApp.swift */,
				841AF4D02BB09155002849A8 /* Assets.xcassets */,
				841AF4D22BB09155002849A8 /* Preview Content */,
			);
			path = DatabaseApp;
			sourceTree = "<group>";
		};
		841AF4D22BB09155002849A8 /* Preview Content */ = {
			isa = PBXGroup;
			children = (
				841AF4D32BB09155002849A8 /* Preview Assets.xcassets */,
			);
			path = "Preview Content";
			sourceTree = "<group>";
		};
		841AF4DC2BB09156002849A8 /* DatabaseAppTests */ = {
			isa = PBXGroup;
			children = (
				841AF4DD2BB09156002849A8 /* DatabaseAppTests.swift */,
			);
			path = DatabaseAppTests;
			sourceTree = "<group>";
		};
		841AF4E62BB09156002849A8 /* DatabaseAppUITests */ = {
			isa = PBXGroup;
			children = (
				841AF4E72BB09156002849A8 /* DatabaseAppUITests.swift */,
				841AF4E92BB09156002849A8 /* DatabaseAppUITestsLaunchTests.swift */,
			);
			path = DatabaseAppUITests;
			sourceTree = "<group>";
		};
		841AF5062BB2383F002849A8 /* Models */ = {
			isa = PBXGroup;
			children = (
				841AF5022BB0CF2D002849A8 /* Player.swift */,
				841AF5072BB2385B002849A8 /* Team.swift */,
				842E7D602C9D05B8005F7723 /* Fixture.swift */,
			);
			path = Models;
			sourceTree = "<group>";
		};
		841AF5092BB23934002849A8 /* ViewModels */ = {
			isa = PBXGroup;
			children = (
				841A682A2BC9F8A600BB0340 /* FixturesViewModel.swift */,
				841AF5042BB0D028002849A8 /* PlayerViewModel.swift */,
				841AF50A2BB23950002849A8 /* TeamViewModel.swift */,
			);
			path = ViewModels;
			sourceTree = "<group>";
		};
		841AF5102BB24249002849A8 /* HelperViews */ = {
			isa = PBXGroup;
			children = (
				841AF5242BBF258C002849A8 /* StandingsRowView.swift */,
				841A68142BC1EB0400BB0340 /* PlayerStatsRowView.swift */,
				841A68282BC8D43900BB0340 /* FixturesRowView.swift */,
			);
			path = HelperViews;
			sourceTree = "<group>";
		};
		841AF5132BB27F64002849A8 /* TabViews */ = {
			isa = PBXGroup;
			children = (
				841AF5262BBF29FA002849A8 /* TeamStandingsView.swift */,
				841A681E2BC44C5C00BB0340 /* WelcomePage.swift */,
				841A68202BC4790800BB0340 /* FixturesView.swift */,
			);
			path = TabViews;
			sourceTree = "<group>";
		};
/* End PBXGroup section */

/* Begin PBXNativeTarget section */
		841AF4C82BB09154002849A8 /* DatabaseApp */ = {
			isa = PBXNativeTarget;
			buildConfigurationList = 841AF4ED2BB09156002849A8 /* Build configuration list for PBXNativeTarget "DatabaseApp" */;
			buildPhases = (
				841AF4C52BB09154002849A8 /* Sources */,
				841AF4C62BB09154002849A8 /* Frameworks */,
				841AF4C72BB09154002849A8 /* Resources */,
			);
			buildRules = (
			);
			dependencies = (
			);
			name = DatabaseApp;
			packageProductDependencies = (
				841AF4FB2BB0B62C002849A8 /* Algorithms */,
				841AF4FE2BB0B67A002849A8 /* Alamofire */,
				841AF5002BB0B67A002849A8 /* AlamofireDynamic */,
			);
			productName = DatabaseApp;
			productReference = 841AF4C92BB09154002849A8 /* DatabaseApp.app */;
			productType = "com.apple.product-type.application";
		};
		841AF4D82BB09156002849A8 /* DatabaseAppTests */ = {
			isa = PBXNativeTarget;
			buildConfigurationList = 841AF4F02BB09156002849A8 /* Build configuration list for PBXNativeTarget "DatabaseAppTests" */;
			buildPhases = (
				841AF4D52BB09156002849A8 /* Sources */,
				841AF4D62BB09156002849A8 /* Frameworks */,
				841AF4D72BB09156002849A8 /* Resources */,
			);
			buildRules = (
			);
			dependencies = (
				841AF4DB2BB09156002849A8 /* PBXTargetDependency */,
			);
			name = DatabaseAppTests;
			productName = DatabaseAppTests;
			productReference = 841AF4D92BB09156002849A8 /* DatabaseAppTests.xctest */;
			productType = "com.apple.product-type.bundle.unit-test";
		};
		841AF4E22BB09156002849A8 /* DatabaseAppUITests */ = {
			isa = PBXNativeTarget;
			buildConfigurationList = 841AF4F32BB09156002849A8 /* Build configuration list for PBXNativeTarget "DatabaseAppUITests" */;
			buildPhases = (
				841AF4DF2BB09156002849A8 /* Sources */,
				841AF4E02BB09156002849A8 /* Frameworks */,
				841AF4E12BB09156002849A8 /* Resources */,
			);
			buildRules = (
			);
			dependencies = (
				841AF4E52BB09156002849A8 /* PBXTargetDependency */,
			);
			name = DatabaseAppUITests;
			productName = DatabaseAppUITests;
			productReference = 841AF4E32BB09156002849A8 /* DatabaseAppUITests.xctest */;
			productType = "com.apple.product-type.bundle.ui-testing";
		};
/* End PBXNativeTarget section */

/* Begin PBXProject section */
		841AF4C12BB09154002849A8 /* Project object */ = {
			isa = PBXProject;
			attributes = {
				BuildIndependentTargetsInParallel = 1;
				LastSwiftUpdateCheck = 1530;
				LastUpgradeCheck = 1530;
				TargetAttributes = {
					841AF4C82BB09154002849A8 = {
						CreatedOnToolsVersion = 15.3;
					};
					841AF4D82BB09156002849A8 = {
						CreatedOnToolsVersion = 15.3;
						TestTargetID = 841AF4C82BB09154002849A8;
					};
					841AF4E22BB09156002849A8 = {
						CreatedOnToolsVersion = 15.3;
						TestTargetID = 841AF4C82BB09154002849A8;
					};
				};
			};
			buildConfigurationList = 841AF4C42BB09154002849A8 /* Build configuration list for PBXProject "DatabaseApp" */;
			compatibilityVersion = "Xcode 14.0";
			developmentRegion = en;
			hasScannedForEncodings = 0;
			knownRegions = (
				en,
				Base,
			);
			mainGroup = 841AF4C02BB09154002849A8;
			packageReferences = (
				841AF4FA2BB0B62C002849A8 /* XCRemoteSwiftPackageReference "swift-algorithms" */,
				841AF4FD2BB0B67A002849A8 /* XCRemoteSwiftPackageReference "Alamofire" */,
			);
			productRefGroup = 841AF4CA2BB09154002849A8 /* Products */;
			projectDirPath = "";
			projectRoot = "";
			targets = (
				841AF4C82BB09154002849A8 /* DatabaseApp */,
				841AF4D82BB09156002849A8 /* DatabaseAppTests */,
				841AF4E22BB09156002849A8 /* DatabaseAppUITests */,
			);
		};
/* End PBXProject section */

/* Begin PBXResourcesBuildPhase section */
		841AF4C72BB09154002849A8 /* Resources */ = {
			isa = PBXResourcesBuildPhase;
			buildActionMask = 2147483647;
			files = (
				841AF4D42BB09155002849A8 /* Preview Assets.xcassets in Resources */,
				841AF4D12BB09155002849A8 /* Assets.xcassets in Resources */,
			);
			runOnlyForDeploymentPostprocessing = 0;
		};
		841AF4D72BB09156002849A8 /* Resources */ = {
			isa = PBXResourcesBuildPhase;
			buildActionMask = 2147483647;
			files = (
			);
			runOnlyForDeploymentPostprocessing = 0;
		};
		841AF4E12BB09156002849A8 /* Resources */ = {
			isa = PBXResourcesBuildPhase;
			buildActionMask = 2147483647;
			files = (
			);
			runOnlyForDeploymentPostprocessing = 0;
		};
/* End PBXResourcesBuildPhase section */

/* Begin PBXSourcesBuildPhase section */
		841AF4C52BB09154002849A8 /* Sources */ = {
			isa = PBXSourcesBuildPhase;
			buildActionMask = 2147483647;
			files = (
				841AF50B2BB23950002849A8 /* TeamViewModel.swift in Sources */,
				841AF5052BB0D028002849A8 /* PlayerViewModel.swift in Sources */,
				841AF5272BBF29FA002849A8 /* TeamStandingsView.swift in Sources */,
				841AF4CD2BB09154002849A8 /* DatabaseAppApp.swift in Sources */,
				84FAEBA82BD1942C009945D9 /* FixtureDetailView.swift in Sources */,
				841AF5252BBF258C002849A8 /* StandingsRowView.swift in Sources */,
				841AF5082BB2385B002849A8 /* Team.swift in Sources */,
				841A681B2BC43C8400BB0340 /* MainMenuView.swift in Sources */,
				841A68172BC1ED0000BB0340 /* PlayerStatsDetailView.swift in Sources */,
				841A68212BC4790800BB0340 /* FixturesView.swift in Sources */,
				841A68152BC1EB0400BB0340 /* PlayerStatsRowView.swift in Sources */,
				841A68132BC1EADD00BB0340 /* TeamDetailView.swift in Sources */,
				841A68292BC8D43900BB0340 /* FixturesRowView.swift in Sources */,
				842E7D612C9D05B8005F7723 /* Fixture.swift in Sources */,
				841A681F2BC44C5C00BB0340 /* WelcomePage.swift in Sources */,
				841A682B2BC9F8A600BB0340 /* FixturesViewModel.swift in Sources */,
				841AF5032BB0CF2D002849A8 /* Player.swift in Sources */,
			);
			runOnlyForDeploymentPostprocessing = 0;
		};
		841AF4D52BB09156002849A8 /* Sources */ = {
			isa = PBXSourcesBuildPhase;
			buildActionMask = 2147483647;
			files = (
				841AF4DE2BB09156002849A8 /* DatabaseAppTests.swift in Sources */,
			);
			runOnlyForDeploymentPostprocessing = 0;
		};
		841AF4DF2BB09156002849A8 /* Sources */ = {
			isa = PBXSourcesBuildPhase;
			buildActionMask = 2147483647;
			files = (
				841AF4E82BB09156002849A8 /* DatabaseAppUITests.swift in Sources */,
				841AF4EA2BB09156002849A8 /* DatabaseAppUITestsLaunchTests.swift in Sources */,
			);
			runOnlyForDeploymentPostprocessing = 0;
		};
/* End PBXSourcesBuildPhase section */

/* Begin PBXTargetDependency section */
		841AF4DB2BB09156002849A8 /* PBXTargetDependency */ = {
			isa = PBXTargetDependency;
			target = 841AF4C82BB09154002849A8 /* DatabaseApp */;
			targetProxy = 841AF4DA2BB09156002849A8 /* PBXContainerItemProxy */;
		};
		841AF4E52BB09156002849A8 /* PBXTargetDependency */ = {
			isa = PBXTargetDependency;
			target = 841AF4C82BB09154002849A8 /* DatabaseApp */;
			targetProxy = 841AF4E42BB09156002849A8 /* PBXContainerItemProxy */;
		};
/* End PBXTargetDependency section */

/* Begin XCBuildConfiguration section */
		841AF4EB2BB09156002849A8 /* Debug */ = {
			isa = XCBuildConfiguration;
			buildSettings = {
				ALWAYS_SEARCH_USER_PATHS = NO;
				ASSETCATALOG_COMPILER_GENERATE_SWIFT_ASSET_SYMBOL_EXTENSIONS = YES;
				CLANG_ANALYZER_NONNULL = YES;
				CLANG_ANALYZER_NUMBER_OBJECT_CONVERSION = YES_AGGRESSIVE;
				CLANG_CXX_LANGUAGE_STANDARD = "gnu++20";
				CLANG_ENABLE_MODULES = YES;
				CLANG_ENABLE_OBJC_ARC = YES;
				CLANG_ENABLE_OBJC_WEAK = YES;
				CLANG_WARN_BLOCK_CAPTURE_AUTORELEASING = YES;
				CLANG_WARN_BOOL_CONVERSION = YES;
				CLANG_WARN_COMMA = YES;
				CLANG_WARN_CONSTANT_CONVERSION = YES;
				CLANG_WARN_DEPRECATED_OBJC_IMPLEMENTATIONS = YES;
				CLANG_WARN_DIRECT_OBJC_ISA_USAGE = YES_ERROR;
				CLANG_WARN_DOCUMENTATION_COMMENTS = YES;
				CLANG_WARN_EMPTY_BODY = YES;
				CLANG_WARN_ENUM_CONVERSION = YES;
				CLANG_WARN_INFINITE_RECURSION = YES;
				CLANG_WARN_INT_CONVERSION = YES;
				CLANG_WARN_NON_LITERAL_NULL_CONVERSION = YES;
				CLANG_WARN_OBJC_IMPLICIT_RETAIN_SELF = YES;
				CLANG_WARN_OBJC_LITERAL_CONVERSION = YES;
				CLANG_WARN_OBJC_ROOT_CLASS = YES_ERROR;
				CLANG_WARN_QUOTED_INCLUDE_IN_FRAMEWORK_HEADER = YES;
				CLANG_WARN_RANGE_LOOP_ANALYSIS = YES;
				CLANG_WARN_STRICT_PROTOTYPES = YES;
				CLANG_WARN_SUSPICIOUS_MOVE = YES;
				CLANG_WARN_UNGUARDED_AVAILABILITY = YES_AGGRESSIVE;
				CLANG_WARN_UNREACHABLE_CODE = YES;
				CLANG_WARN__DUPLICATE_METHOD_MATCH = YES;
				COPY_PHASE_STRIP = NO;
				DEBUG_INFORMATION_FORMAT = dwarf;
				ENABLE_STRICT_OBJC_MSGSEND = YES;
				ENABLE_TESTABILITY = YES;
				ENABLE_USER_SCRIPT_SANDBOXING = YES;
				GCC_C_LANGUAGE_STANDARD = gnu17;
				GCC_DYNAMIC_NO_PIC = NO;
				GCC_NO_COMMON_BLOCKS = YES;
				GCC_OPTIMIZATION_LEVEL = 0;
				GCC_PREPROCESSOR_DEFINITIONS = (
					"DEBUG=1",
					"$(inherited)",
				);
				GCC_WARN_64_TO_32_BIT_CONVERSION = YES;
				GCC_WARN_ABOUT_RETURN_TYPE = YES_ERROR;
				GCC_WARN_UNDECLARED_SELECTOR = YES;
				GCC_WARN_UNINITIALIZED_AUTOS = YES_AGGRESSIVE;
				GCC_WARN_UNUSED_FUNCTION = YES;
				GCC_WARN_UNUSED_VARIABLE = YES;
				IPHONEOS_DEPLOYMENT_TARGET = 17.4;
				LOCALIZATION_PREFERS_STRING_CATALOGS = YES;
				MTL_ENABLE_DEBUG_INFO = INCLUDE_SOURCE;
				MTL_FAST_MATH = YES;
				ONLY_ACTIVE_ARCH = YES;
				SDKROOT = iphoneos;
				SWIFT_ACTIVE_COMPILATION_CONDITIONS = "DEBUG $(inherited)";
				SWIFT_OPTIMIZATION_LEVEL = "-Onone";
			};
			name = Debug;
		};
		841AF4EC2BB09156002849A8 /* Release */ = {
			isa = XCBuildConfiguration;
			buildSettings = {
				ALWAYS_SEARCH_USER_PATHS = NO;
				ASSETCATALOG_COMPILER_GENERATE_SWIFT_ASSET_SYMBOL_EXTENSIONS = YES;
				CLANG_ANALYZER_NONNULL = YES;
				CLANG_ANALYZER_NUMBER_OBJECT_CONVERSION = YES_AGGRESSIVE;
				CLANG_CXX_LANGUAGE_STANDARD = "gnu++20";
				CLANG_ENABLE_MODULES = YES;
				CLANG_ENABLE_OBJC_ARC = YES;
				CLANG_ENABLE_OBJC_WEAK = YES;
				CLANG_WARN_BLOCK_CAPTURE_AUTORELEASING = YES;
				CLANG_WARN_BOOL_CONVERSION = YES;
				CLANG_WARN_COMMA = YES;
				CLANG_WARN_CONSTANT_CONVERSION = YES;
				CLANG_WARN_DEPRECATED_OBJC_IMPLEMENTATIONS = YES;
				CLANG_WARN_DIRECT_OBJC_ISA_USAGE = YES_ERROR;
				CLANG_WARN_DOCUMENTATION_COMMENTS = YES;
				CLANG_WARN_EMPTY_BODY = YES;
				CLANG_WARN_ENUM_CONVERSION = YES;
				CLANG_WARN_INFINITE_RECURSION = YES;
				CLANG_WARN_INT_CONVERSION = YES;
				CLANG_WARN_NON_LITERAL_NULL_CONVERSION = YES;
				CLANG_WARN_OBJC_IMPLICIT_RETAIN_SELF = YES;
				CLANG_WARN_OBJC_LITERAL_CONVERSION = YES;
				CLANG_WARN_OBJC_ROOT_CLASS = YES_ERROR;
				CLANG_WARN_QUOTED_INCLUDE_IN_FRAMEWORK_HEADER = YES;
				CLANG_WARN_RANGE_LOOP_ANALYSIS = YES;
				CLANG_WARN_STRICT_PROTOTYPES = YES;
				CLANG_WARN_SUSPICIOUS_MOVE = YES;
				CLANG_WARN_UNGUARDED_AVAILABILITY = YES_AGGRESSIVE;
				CLANG_WARN_UNREACHABLE_CODE = YES;
				CLANG_WARN__DUPLICATE_METHOD_MATCH = YES;
				COPY_PHASE_STRIP = NO;
				DEBUG_INFORMATION_FORMAT = "dwarf-with-dsym";
				ENABLE_NS_ASSERTIONS = NO;
				ENABLE_STRICT_OBJC_MSGSEND = YES;
				ENABLE_USER_SCRIPT_SANDBOXING = YES;
				GCC_C_LANGUAGE_STANDARD = gnu17;
				GCC_NO_COMMON_BLOCKS = YES;
				GCC_WARN_64_TO_32_BIT_CONVERSION = YES;
				GCC_WARN_ABOUT_RETURN_TYPE = YES_ERROR;
				GCC_WARN_UNDECLARED_SELECTOR = YES;
				GCC_WARN_UNINITIALIZED_AUTOS = YES_AGGRESSIVE;
				GCC_WARN_UNUSED_FUNCTION = YES;
				GCC_WARN_UNUSED_VARIABLE = YES;
				IPHONEOS_DEPLOYMENT_TARGET = 17.4;
				LOCALIZATION_PREFERS_STRING_CATALOGS = YES;
				MTL_ENABLE_DEBUG_INFO = NO;
				MTL_FAST_MATH = YES;
				SDKROOT = iphoneos;
				SWIFT_COMPILATION_MODE = wholemodule;
				VALIDATE_PRODUCT = YES;
			};
			name = Release;
		};
		841AF4EE2BB09156002849A8 /* Debug */ = {
			isa = XCBuildConfiguration;
			buildSettings = {
				ASSETCATALOG_COMPILER_APPICON_NAME = AppIcon;
				ASSETCATALOG_COMPILER_GLOBAL_ACCENT_COLOR_NAME = AccentColor;
				CODE_SIGN_STYLE = Automatic;
				CURRENT_PROJECT_VERSION = 1;
				DEVELOPMENT_ASSET_PATHS = "\"DatabaseApp/Preview Content\"";
				DEVELOPMENT_TEAM = 9654Z5242J;
				ENABLE_PREVIEWS = YES;
				GENERATE_INFOPLIST_FILE = YES;
				INFOPLIST_KEY_UIApplicationSceneManifest_Generation = YES;
				INFOPLIST_KEY_UIApplicationSupportsIndirectInputEvents = YES;
				INFOPLIST_KEY_UILaunchScreen_Generation = YES;
				INFOPLIST_KEY_UISupportedInterfaceOrientations_iPad = "UIInterfaceOrientationPortrait UIInterfaceOrientationPortraitUpsideDown UIInterfaceOrientationLandscapeLeft UIInterfaceOrientationLandscapeRight";
				INFOPLIST_KEY_UISupportedInterfaceOrientations_iPhone = "UIInterfaceOrientationPortrait UIInterfaceOrientationLandscapeLeft UIInterfaceOrientationLandscapeRight";
				LD_RUNPATH_SEARCH_PATHS = (
					"$(inherited)",
					"@executable_path/Frameworks",
				);
				MARKETING_VERSION = 1.0;
				PRODUCT_BUNDLE_IDENTIFIER = edu.missouri.DatabaseApp;
				PRODUCT_NAME = "$(TARGET_NAME)";
				SWIFT_EMIT_LOC_STRINGS = YES;
				SWIFT_VERSION = 5.0;
				TARGETED_DEVICE_FAMILY = "1,2";
			};
			name = Debug;
		};
		841AF4EF2BB09156002849A8 /* Release */ = {
			isa = XCBuildConfiguration;
			buildSettings = {
				ASSETCATALOG_COMPILER_APPICON_NAME = AppIcon;
				ASSETCATALOG_COMPILER_GLOBAL_ACCENT_COLOR_NAME = AccentColor;
				CODE_SIGN_STYLE = Automatic;
				CURRENT_PROJECT_VERSION = 1;
				DEVELOPMENT_ASSET_PATHS = "\"DatabaseApp/Preview Content\"";
				DEVELOPMENT_TEAM = 9654Z5242J;
				ENABLE_PREVIEWS = YES;
				GENERATE_INFOPLIST_FILE = YES;
				INFOPLIST_KEY_UIApplicationSceneManifest_Generation = YES;
				INFOPLIST_KEY_UIApplicationSupportsIndirectInputEvents = YES;
				INFOPLIST_KEY_UILaunchScreen_Generation = YES;
				INFOPLIST_KEY_UISupportedInterfaceOrientations_iPad = "UIInterfaceOrientationPortrait UIInterfaceOrientationPortraitUpsideDown UIInterfaceOrientationLandscapeLeft UIInterfaceOrientationLandscapeRight";
				INFOPLIST_KEY_UISupportedInterfaceOrientations_iPhone = "UIInterfaceOrientationPortrait UIInterfaceOrientationLandscapeLeft UIInterfaceOrientationLandscapeRight";
				LD_RUNPATH_SEARCH_PATHS = (
					"$(inherited)",
					"@executable_path/Frameworks",
				);
				MARKETING_VERSION = 1.0;
				PRODUCT_BUNDLE_IDENTIFIER = edu.missouri.DatabaseApp;
				PRODUCT_NAME = "$(TARGET_NAME)";
				SWIFT_EMIT_LOC_STRINGS = YES;
				SWIFT_VERSION = 5.0;
				TARGETED_DEVICE_FAMILY = "1,2";
			};
			name = Release;
		};
		841AF4F12BB09156002849A8 /* Debug */ = {
			isa = XCBuildConfiguration;
			buildSettings = {
				ALWAYS_EMBED_SWIFT_STANDARD_LIBRARIES = YES;
				BUNDLE_LOADER = "$(TEST_HOST)";
				CODE_SIGN_STYLE = Automatic;
				CURRENT_PROJECT_VERSION = 1;
				DEVELOPMENT_TEAM = 9654Z5242J;
				GENERATE_INFOPLIST_FILE = YES;
				IPHONEOS_DEPLOYMENT_TARGET = 17.4;
				MARKETING_VERSION = 1.0;
				PRODUCT_BUNDLE_IDENTIFIER = edu.missouri.DatabaseAppTests;
				PRODUCT_NAME = "$(TARGET_NAME)";
				SWIFT_EMIT_LOC_STRINGS = NO;
				SWIFT_VERSION = 5.0;
				TARGETED_DEVICE_FAMILY = "1,2";
				TEST_HOST = "$(BUILT_PRODUCTS_DIR)/DatabaseApp.app/$(BUNDLE_EXECUTABLE_FOLDER_PATH)/DatabaseApp";
			};
			name = Debug;
		};
		841AF4F22BB09156002849A8 /* Release */ = {
			isa = XCBuildConfiguration;
			buildSettings = {
				ALWAYS_EMBED_SWIFT_STANDARD_LIBRARIES = YES;
				BUNDLE_LOADER = "$(TEST_HOST)";
				CODE_SIGN_STYLE = Automatic;
				CURRENT_PROJECT_VERSION = 1;
				DEVELOPMENT_TEAM = 9654Z5242J;
				GENERATE_INFOPLIST_FILE = YES;
				IPHONEOS_DEPLOYMENT_TARGET = 17.4;
				MARKETING_VERSION = 1.0;
				PRODUCT_BUNDLE_IDENTIFIER = edu.missouri.DatabaseAppTests;
				PRODUCT_NAME = "$(TARGET_NAME)";
				SWIFT_EMIT_LOC_STRINGS = NO;
				SWIFT_VERSION = 5.0;
				TARGETED_DEVICE_FAMILY = "1,2";
				TEST_HOST = "$(BUILT_PRODUCTS_DIR)/DatabaseApp.app/$(BUNDLE_EXECUTABLE_FOLDER_PATH)/DatabaseApp";
			};
			name = Release;
		};
		841AF4F42BB09156002849A8 /* Debug */ = {
			isa = XCBuildConfiguration;
			buildSettings = {
				ALWAYS_EMBED_SWIFT_STANDARD_LIBRARIES = YES;
				CODE_SIGN_STYLE = Automatic;
				CURRENT_PROJECT_VERSION = 1;
				DEVELOPMENT_TEAM = 9654Z5242J;
				GENERATE_INFOPLIST_FILE = YES;
				MARKETING_VERSION = 1.0;
				PRODUCT_BUNDLE_IDENTIFIER = edu.missouri.DatabaseAppUITests;
				PRODUCT_NAME = "$(TARGET_NAME)";
				SWIFT_EMIT_LOC_STRINGS = NO;
				SWIFT_VERSION = 5.0;
				TARGETED_DEVICE_FAMILY = "1,2";
				TEST_TARGET_NAME = DatabaseApp;
			};
			name = Debug;
		};
		841AF4F52BB09156002849A8 /* Release */ = {
			isa = XCBuildConfiguration;
			buildSettings = {
				ALWAYS_EMBED_SWIFT_STANDARD_LIBRARIES = YES;
				CODE_SIGN_STYLE = Automatic;
				CURRENT_PROJECT_VERSION = 1;
				DEVELOPMENT_TEAM = 9654Z5242J;
				GENERATE_INFOPLIST_FILE = YES;
				MARKETING_VERSION = 1.0;
				PRODUCT_BUNDLE_IDENTIFIER = edu.missouri.DatabaseAppUITests;
				PRODUCT_NAME = "$(TARGET_NAME)";
				SWIFT_EMIT_LOC_STRINGS = NO;
				SWIFT_VERSION = 5.0;
				TARGETED_DEVICE_FAMILY = "1,2";
				TEST_TARGET_NAME = DatabaseApp;
			};
			name = Release;
		};
/* End XCBuildConfiguration section */

/* Begin XCConfigurationList section */
		841AF4C42BB09154002849A8 /* Build configuration list for PBXProject "DatabaseApp" */ = {
			isa = XCConfigurationList;
			buildConfigurations = (
				841AF4EB2BB09156002849A8 /* Debug */,
				841AF4EC2BB09156002849A8 /* Release */,
			);
			defaultConfigurationIsVisible = 0;
			defaultConfigurationName = Release;
		};
		841AF4ED2BB09156002849A8 /* Build configuration list for PBXNativeTarget "DatabaseApp" */ = {
			isa = XCConfigurationList;
			buildConfigurations = (
				841AF4EE2BB09156002849A8 /* Debug */,
				841AF4EF2BB09156002849A8 /* Release */,
			);
			defaultConfigurationIsVisible = 0;
			defaultConfigurationName = Release;
		};
		841AF4F02BB09156002849A8 /* Build configuration list for PBXNativeTarget "DatabaseAppTests" */ = {
			isa = XCConfigurationList;
			buildConfigurations = (
				841AF4F12BB09156002849A8 /* Debug */,
				841AF4F22BB09156002849A8 /* Release */,
			);
			defaultConfigurationIsVisible = 0;
			defaultConfigurationName = Release;
		};
		841AF4F32BB09156002849A8 /* Build configuration list for PBXNativeTarget "DatabaseAppUITests" */ = {
			isa = XCConfigurationList;
			buildConfigurations = (
				841AF4F42BB09156002849A8 /* Debug */,
				841AF4F52BB09156002849A8 /* Release */,
			);
			defaultConfigurationIsVisible = 0;
			defaultConfigurationName = Release;
		};
/* End XCConfigurationList section */

/* Begin XCRemoteSwiftPackageReference section */
		841AF4FA2BB0B62C002849A8 /* XCRemoteSwiftPackageReference "swift-algorithms" */ = {
			isa = XCRemoteSwiftPackageReference;
			repositoryURL = "https://github.com/apple/swift-algorithms.git";
			requirement = {
				kind = upToNextMajorVersion;
				minimumVersion = 1.2.0;
			};
		};
		841AF4FD2BB0B67A002849A8 /* XCRemoteSwiftPackageReference "Alamofire" */ = {
			isa = XCRemoteSwiftPackageReference;
			repositoryURL = "https://github.com/Alamofire/Alamofire.git";
			requirement = {
				kind = upToNextMajorVersion;
				minimumVersion = 5.9.0;
			};
		};
/* End XCRemoteSwiftPackageReference section */

/* Begin XCSwiftPackageProductDependency section */
		841AF4FB2BB0B62C002849A8 /* Algorithms */ = {
			isa = XCSwiftPackageProductDependency;
			package = 841AF4FA2BB0B62C002849A8 /* XCRemoteSwiftPackageReference "swift-algorithms" */;
			productName = Algorithms;
		};
		841AF4FE2BB0B67A002849A8 /* Alamofire */ = {
			isa = XCSwiftPackageProductDependency;
			package = 841AF4FD2BB0B67A002849A8 /* XCRemoteSwiftPackageReference "Alamofire" */;
			productName = Alamofire;
		};
		841AF5002BB0B67A002849A8 /* AlamofireDynamic */ = {
			isa = XCSwiftPackageProductDependency;
			package = 841AF4FD2BB0B67A002849A8 /* XCRemoteSwiftPackageReference "Alamofire" */;
			productName = AlamofireDynamic;
		};
/* End XCSwiftPackageProductDependency section */
	};
	rootObject = 841AF4C12BB09154002849A8 /* Project object */;
}
